
Microsoft Visual Studio Solution File, Format Version 12.00
# Visual Studio Version 16
VisualStudioVersion = 16.0.30523.141
MinimumVisualStudioVersion = 10.0.40219.1
Project("{FAE04EC0-301F-11D3-BF4B-00C04F79EFBC}") = "DataAccess", "DataAccess\DataAccess.csproj", "{18273C29-79C5-40AB-B2EC-BD8CBF120B09}"
EndProject
Project("{FAE04EC0-301F-11D3-BF4B-00C04F79EFBC}") = "Business", "Business\Business.csproj", "{81A42095-D531-45A7-9442-74BD303A5497}"
EndProject
Project("{FAE04EC0-301F-11D3-BF4B-00C04F79EFBC}") = "Entities", "Entities\Entities.csproj", "{46DFA2B8-B682-4098-A7B1-BAA209369AF4}"
EndProject
Project("{FAE04EC0-301F-11D3-BF4B-00C04F79EFBC}") = "ConsoleUI", "ConsoleUI\ConsoleUI.csproj", "{4DEDCC84-F793-406F-9B45-2EC347F98094}"
EndProject
Global
	GlobalSection(SolutionConfigurationPlatforms) = preSolution
		Debug|Any CPU = Debug|Any CPU
		Release|Any CPU = Release|Any CPU
	EndGlobalSection
	GlobalSection(ProjectConfigurationPlatforms) = postSolution
		{18273C29-79C5-40AB-B2EC-BD8CBF120B09}.Debug|Any CPU.ActiveCfg = Debug|Any CPU
		{18273C29-79C5-40AB-B2EC-BD8CBF120B09}.Debug|Any CPU.Build.0 = Debug|Any CPU
		{18273C29-79C5-40AB-B2EC-BD8CBF120B09}.Release|Any CPU.ActiveCfg = Release|Any CPU
		{18273C29-79C5-40AB-B2EC-BD8CBF120B09}.Release|Any CPU.Build.0 = Release|Any CPU
		{81A42095-D531-45A7-9442-74BD303A5497}.Debug|Any CPU.ActiveCfg = Debug|Any CPU
		{81A42095-D531-45A7-9442-74BD303A5497}.Debug|Any CPU.Build.0 = Debug|Any CPU
		{81A42095-D531-45A7-9442-74BD303A5497}.Release|Any CPU.ActiveCfg = Release|Any CPU
		{81A42095-D531-45A7-9442-74BD303A5497}.Release|Any CPU.Build.0 = Release|Any CPU
		{46DFA2B8-B682-4098-A7B1-BAA209369AF4}.Debug|Any CPU.ActiveCfg = Debug|Any CPU
		{46DFA2B8-B682-4098-A7B1-BAA209369AF4}.Debug|Any CPU.Build.0 = Debug|Any CPU
		{46DFA2B8-B682-4098-A7B1-BAA209369AF4}.Release|Any CPU.ActiveCfg = Release|Any CPU
		{46DFA2B8-B682-4098-A7B1-BAA209369AF4}.Release|Any CPU.Build.0 = Release|Any CPU
		{4DEDCC84-F793-406F-9B45-2EC347F98094}.Debug|Any CPU.ActiveCfg = Debug|Any CPU
		{4DEDCC84-F793-406F-9B45-2EC347F98094}.Debug|Any CPU.Build.0 = Debug|Any CPU
		{4DEDCC84-F793-406F-9B45-2EC347F98094}.Release|Any CPU.ActiveCfg = Release|Any CPU
		{4DEDCC84-F793-406F-9B45-2EC347F98094}.Release|Any CPU.Build.0 = Release|Any CPU
	EndGlobalSection
	GlobalSection(SolutionProperties) = preSolution
		HideSolutionNode = FALSE
	EndGlobalSection
	GlobalSection(ExtensibilityGlobals) = postSolution
		SolutionGuid = {4EF46584-01A0-47CF-A3C1-B1DE6F3417C7}
	EndGlobalSection
EndGlobal
